github.com/cekys/gopkg v0.0.4 h1:3/5VqS/tvS3bbl7NVSvOWkoCHCyVyEfMU0RNj12/4L0=
github.com/cekys/gopkg v0.0.4/go.mod h1:9Dta/4EEAGRyruxONRFSLv7Dh58cSuhKLT/kUJrSmE8=
github.com/cekys/gopkg v0.0.5 h1:BAWz+PSYbbFLoAGlXpZ7iXT7Yef8yhAP4zbzkFTqiSo=
github.com/cekys/gopkg v0.0.5/go.mod h1:9Dta/4EEAGRyruxONRFSLv7Dh58cSuhKLT/kUJrSmE8=
